
Microsoft Visual Studio Solution File, Format Version 12.00
# Visual Studio Version 17
VisualStudioVersion = 17.4.33213.308
MinimumVisualStudioVersion = 10.0.40219.1
Project("{FAE04EC0-301F-11D3-BF4B-00C04F79EFBC}") = "WinDateCalc.avalonia", "WinDateCalc.avalonia\WinDateCalc.avalonia.csproj", "{4AE2CFCE-3F45-4E85-B912-0E486AB7B384}"
EndProject
Global
	GlobalSection(SolutionConfigurationPlatforms) = preSolution
		Debug|Any CPU = Debug|Any CPU
		Release|Any CPU = Release|Any CPU
	EndGlobalSection
	GlobalSection(ProjectConfigurationPlatforms) = postSolution
		{4AE2CFCE-3F45-4E85-B912-0E486AB7B384}.Debug|Any CPU.ActiveCfg = Debug|Any CPU
		{4AE2CFCE-3F45-4E85-B912-0E486AB7B384}.Debug|Any CPU.Build.0 = Debug|Any CPU
		{4AE2CFCE-3F45-4E85-B912-0E486AB7B384}.Release|Any CPU.ActiveCfg = Release|Any CPU
		{4AE2CFCE-3F45-4E85-B912-0E486AB7B384}.Release|Any CPU.Build.0 = Release|Any CPU
	EndGlobalSection
	GlobalSection(SolutionProperties) = preSolution
		HideSolutionNode = FALSE
	EndGlobalSection
	GlobalSection(ExtensibilityGlobals) = postSolution
		SolutionGuid = {1189DE37-42F9-4527-AAB2-39BC37B01FF4}
	EndGlobalSection
EndGlobal
