
Microsoft Visual Studio Solution File, Format Version 12.00
# Visual Studio Version 17
VisualStudioVersion = 17.7.34018.315
MinimumVisualStudioVersion = 10.0.40219.1
Project("{9A19103F-16F7-4668-BE54-9A1E7A4F7556}") = "WinDateCalc", "WinDateCalc\WinDateCalc.csproj", "{5402788F-7D88-4FE3-A5A2-96C514BC3618}"
EndProject
Project("{9A19103F-16F7-4668-BE54-9A1E7A4F7556}") = "WinDateCalc.Android", "WinDateCalc.Android\WinDateCalc.Android.csproj", "{C52BF473-465A-4152-B7A2-AA1635BE4EEB}"
EndProject
Project("{9A19103F-16F7-4668-BE54-9A1E7A4F7556}") = "WinDateCalc.Desktop", "WinDateCalc.Desktop\WinDateCalc.Desktop.csproj", "{2773116D-0E3C-4A54-B300-5C16D3BE7798}"
EndProject
Global
	GlobalSection(SolutionConfigurationPlatforms) = preSolution
		Debug|Any CPU = Debug|Any CPU
		Release|Any CPU = Release|Any CPU
	EndGlobalSection
	GlobalSection(ProjectConfigurationPlatforms) = postSolution
		{5402788F-7D88-4FE3-A5A2-96C514BC3618}.Debug|Any CPU.ActiveCfg = Debug|Any CPU
		{5402788F-7D88-4FE3-A5A2-96C514BC3618}.Debug|Any CPU.Build.0 = Debug|Any CPU
		{5402788F-7D88-4FE3-A5A2-96C514BC3618}.Release|Any CPU.ActiveCfg = Release|Any CPU
		{5402788F-7D88-4FE3-A5A2-96C514BC3618}.Release|Any CPU.Build.0 = Release|Any CPU
		{C52BF473-465A-4152-B7A2-AA1635BE4EEB}.Debug|Any CPU.ActiveCfg = Debug|Any CPU
		{C52BF473-465A-4152-B7A2-AA1635BE4EEB}.Debug|Any CPU.Build.0 = Debug|Any CPU
		{C52BF473-465A-4152-B7A2-AA1635BE4EEB}.Debug|Any CPU.Deploy.0 = Debug|Any CPU
		{C52BF473-465A-4152-B7A2-AA1635BE4EEB}.Release|Any CPU.ActiveCfg = Release|Any CPU
		{C52BF473-465A-4152-B7A2-AA1635BE4EEB}.Release|Any CPU.Build.0 = Release|Any CPU
		{C52BF473-465A-4152-B7A2-AA1635BE4EEB}.Release|Any CPU.Deploy.0 = Release|Any CPU
		{2773116D-0E3C-4A54-B300-5C16D3BE7798}.Debug|Any CPU.ActiveCfg = Debug|Any CPU
		{2773116D-0E3C-4A54-B300-5C16D3BE7798}.Debug|Any CPU.Build.0 = Debug|Any CPU
		{2773116D-0E3C-4A54-B300-5C16D3BE7798}.Release|Any CPU.ActiveCfg = Release|Any CPU
		{2773116D-0E3C-4A54-B300-5C16D3BE7798}.Release|Any CPU.Build.0 = Release|Any CPU
	EndGlobalSection
	GlobalSection(SolutionProperties) = preSolution
		HideSolutionNode = FALSE
	EndGlobalSection
	GlobalSection(ExtensibilityGlobals) = postSolution
		SolutionGuid = {8EE26EEE-D308-47A5-860B-D47125B93627}
	EndGlobalSection
EndGlobal
